<?xml version="1.0" encoding="UTF-8" standalone="yes" ?>
<CodeBlocks_project_file>
	<FileVersion major="1" minor="6" />
	<Project>
		<Option title="LAVE" />
		<Option pch_mode="2" />
		<Option compiler="gcc" />
		<Build>
			<Target title="Debug">
				<Option output="bin/Debug/LAVE" prefix_auto="1" extension_auto="1" />
				<Option object_output="obj/Debug/" />
				<Option type="1" />
				<Option compiler="gcc" />
				<Compiler>
					<Add option="-g" />
				</Compiler>
			</Target>
			<Target title="Release">
				<Option output="bin/Release/LAVE" prefix_auto="1" extension_auto="1" />
				<Option object_output="obj/Release/" />
				<Option type="1" />
				<Option compiler="gcc" />
				<Compiler>
					<Add option="-O2" />
				</Compiler>
				<Linker>
					<Add option="-s" />
				</Linker>
			</Target>
		</Build>
		<Compiler>
			<Add option="-Wall" />
			<Add option="-fexceptions" />
		</Compiler>
		<Unit filename="Controlador/controlador.cpp" />
		<Unit filename="Controlador/controlador.h" />
		<Unit filename="Modelo/archivo.cpp" />
		<Unit filename="Modelo/archivo.h" />
		<Unit filename="Modelo/fecha.cpp" />
		<Unit filename="Modelo/fecha.h" />
		<Unit filename="Modelo/funciones.cpp" />
		<Unit filename="Modelo/funciones.h" />
		<Unit filename="Modelo/producto.cpp" />
		<Unit filename="Modelo/producto.h" />
		<Unit filename="Modelo/usuario.cpp" />
		<Unit filename="Modelo/usuario.h" />
		<Unit filename="Modelo/validador.cpp" />
		<Unit filename="Modelo/validador.h" />
		<Unit filename="Vista/login.cpp" />
		<Unit filename="Vista/login.h" />
		<Unit filename="Vista/menu.h" />
		<Unit filename="Vista/menuAsistente.cpp" />
		<Unit filename="Vista/menuAsistente.h" />
		<Unit filename="Vista/menuCajero.cpp" />
		<Unit filename="Vista/menuCajero.h" />
		<Unit filename="Vista/menuGerente.cpp" />
		<Unit filename="Vista/menuGerente.h" />
		<Unit filename="Vista/rlutil.h" />
		<Unit filename="Vista/submenu.cpp" />
		<Unit filename="Vista/submenu.h" />
		<Unit filename="Vista/ui.cpp" />
		<Unit filename="Vista/ui.h" />
		<Unit filename="Vista/vistaAdministracion.cpp" />
		<Unit filename="Vista/vistaAdministracion.h" />
		<Unit filename="Vista/vistaInicioPrincipal.cpp" />
		<Unit filename="Vista/vistaInicioPrincipal.h" />
		<Unit filename="Vista/vistaMovimientos.h" />
		<Unit filename="Vista/vistaProducto.cpp" />
		<Unit filename="Vista/vistaProducto.h" />
		<Unit filename="Vista/vistaReportes.h" />
		<Unit filename="Vista/vistaUsuario.cpp" />
		<Unit filename="Vista/vistaUsuario.h" />
		<Unit filename="main.cpp" />
		<Extensions>
			<code_completion />
			<envvars />
			<debugger />
		</Extensions>
	</Project>
</CodeBlocks_project_file>
